{
  "version": 4,
  "terraform_version": "1.5.4",
  "serial": 34,
  "lineage": "8ada8cde-d21d-13d9-7545-13714281c47a",
  "outputs": {},
  "resources": [
    {
      "module": "module.service-projects[\"prj-triange-common-a\"].module.gsuite_group",
      "mode": "data",
      "type": "google_organization",
      "name": "org",
      "provider": "provider[\"registry.terraform.io/hashicorp/google\"]",
      "instances": []
    },
    {
      "module": "module.service-projects[\"prj-triange-common-a\"].module.project-factory",
      "mode": "managed",
      "type": "random_id",
      "name": "random_project_id_suffix",
      "provider": "provider[\"registry.terraform.io/hashicorp/random\"]",
      "instances": [
        {
          "schema_version": 0,
          "attributes": {
            "b64_std": "uoQ=",
            "b64_url": "uoQ",
            "byte_length": 2,
            "dec": "47748",
            "hex": "ba84",
            "id": "uoQ",
            "keepers": null,
            "prefix": null
          },
          "sensitive_attributes": []
        }
      ]
    },
    {
      "module": "module.service-projects[\"prj-triange-common-a\"].module.project-factory",
      "mode": "managed",
      "type": "random_string",
      "name": "random_project_id_suffix",
      "provider": "provider[\"registry.terraform.io/hashicorp/random\"]",
      "instances": []
    },
    {
      "module": "module.service-projects[\"prj-triange-common-a\"].module.project-factory",
      "mode": "managed",
      "type": "time_sleep",
      "name": "wait_5_seconds",
      "provider": "provider[\"registry.terraform.io/hashicorp/time\"]",
      "instances": []
    },
    {
      "module": "module.service-projects[\"prj-triange-common-a\"].module.project-factory.module.project_services",
      "mode": "managed",
      "type": "google_project_service",
      "name": "project_services",
      "provider": "provider[\"registry.terraform.io/hashicorp/google\"]",
      "instances": []
    },
    {
      "module": "module.service-projects[\"prj-triange-common-a\"].module.project-factory.module.project_services",
      "mode": "managed",
      "type": "google_project_service_identity",
      "name": "project_service_identities",
      "provider": "provider[\"registry.terraform.io/hashicorp/google-beta\"]",
      "instances": []
    },
    {
      "module": "module.service-projects[\"prj-triange-common-b\"].module.gsuite_group",
      "mode": "data",
      "type": "google_organization",
      "name": "org",
      "provider": "provider[\"registry.terraform.io/hashicorp/google\"]",
      "instances": []
    },
    {
      "module": "module.service-projects[\"prj-triange-common-b\"].module.project-factory",
      "mode": "managed",
      "type": "random_id",
      "name": "random_project_id_suffix",
      "provider": "provider[\"registry.terraform.io/hashicorp/random\"]",
      "instances": [
        {
          "schema_version": 0,
          "attributes": {
            "b64_std": "z4k=",
            "b64_url": "z4k",
            "byte_length": 2,
            "dec": "53129",
            "hex": "cf89",
            "id": "z4k",
            "keepers": null,
            "prefix": null
          },
          "sensitive_attributes": []
        }
      ]
    },
    {
      "module": "module.service-projects[\"prj-triange-common-b\"].module.project-factory",
      "mode": "managed",
      "type": "random_string",
      "name": "random_project_id_suffix",
      "provider": "provider[\"registry.terraform.io/hashicorp/random\"]",
      "instances": []
    },
    {
      "module": "module.service-projects[\"prj-triange-common-b\"].module.project-factory",
      "mode": "managed",
      "type": "time_sleep",
      "name": "wait_5_seconds",
      "provider": "provider[\"registry.terraform.io/hashicorp/time\"]",
      "instances": []
    },
    {
      "module": "module.service-projects[\"prj-triange-common-b\"].module.project-factory.module.project_services",
      "mode": "managed",
      "type": "google_project_service",
      "name": "project_services",
      "provider": "provider[\"registry.terraform.io/hashicorp/google\"]",
      "instances": []
    },
    {
      "module": "module.service-projects[\"prj-triange-common-b\"].module.project-factory.module.project_services",
      "mode": "managed",
      "type": "google_project_service_identity",
      "name": "project_service_identities",
      "provider": "provider[\"registry.terraform.io/hashicorp/google-beta\"]",
      "instances": []
    },
    {
      "module": "module.service-projects[\"prj-triange-common-c\"].module.gsuite_group",
      "mode": "data",
      "type": "google_organization",
      "name": "org",
      "provider": "provider[\"registry.terraform.io/hashicorp/google\"]",
      "instances": []
    },
    {
      "module": "module.service-projects[\"prj-triange-common-c\"].module.project-factory",
      "mode": "managed",
      "type": "random_id",
      "name": "random_project_id_suffix",
      "provider": "provider[\"registry.terraform.io/hashicorp/random\"]",
      "instances": [
        {
          "schema_version": 0,
          "attributes": {
            "b64_std": "ouQ=",
            "b64_url": "ouQ",
            "byte_length": 2,
            "dec": "41700",
            "hex": "a2e4",
            "id": "ouQ",
            "keepers": null,
            "prefix": null
          },
          "sensitive_attributes": []
        }
      ]
    },
    {
      "module": "module.service-projects[\"prj-triange-common-c\"].module.project-factory",
      "mode": "managed",
      "type": "random_string",
      "name": "random_project_id_suffix",
      "provider": "provider[\"registry.terraform.io/hashicorp/random\"]",
      "instances": []
    },
    {
      "module": "module.service-projects[\"prj-triange-common-c\"].module.project-factory",
      "mode": "managed",
      "type": "time_sleep",
      "name": "wait_5_seconds",
      "provider": "provider[\"registry.terraform.io/hashicorp/time\"]",
      "instances": []
    },
    {
      "module": "module.service-projects[\"prj-triange-common-c\"].module.project-factory.module.project_services",
      "mode": "managed",
      "type": "google_project_service",
      "name": "project_services",
      "provider": "provider[\"registry.terraform.io/hashicorp/google\"]",
      "instances": []
    },
    {
      "module": "module.service-projects[\"prj-triange-common-c\"].module.project-factory.module.project_services",
      "mode": "managed",
      "type": "google_project_service_identity",
      "name": "project_service_identities",
      "provider": "provider[\"registry.terraform.io/hashicorp/google-beta\"]",
      "instances": []
    },
    {
      "module": "module.service-projects[\"prj-triange-common-d\"].module.gsuite_group",
      "mode": "data",
      "type": "google_organization",
      "name": "org",
      "provider": "provider[\"registry.terraform.io/hashicorp/google\"]",
      "instances": []
    },
    {
      "module": "module.service-projects[\"prj-triange-common-d\"].module.project-factory",
      "mode": "managed",
      "type": "random_id",
      "name": "random_project_id_suffix",
      "provider": "provider[\"registry.terraform.io/hashicorp/random\"]",
      "instances": [
        {
          "schema_version": 0,
          "attributes": {
            "b64_std": "wQI=",
            "b64_url": "wQI",
            "byte_length": 2,
            "dec": "49410",
            "hex": "c102",
            "id": "wQI",
            "keepers": null,
            "prefix": null
          },
          "sensitive_attributes": []
        }
      ]
    },
    {
      "module": "module.service-projects[\"prj-triange-common-d\"].module.project-factory",
      "mode": "managed",
      "type": "random_string",
      "name": "random_project_id_suffix",
      "provider": "provider[\"registry.terraform.io/hashicorp/random\"]",
      "instances": []
    },
    {
      "module": "module.service-projects[\"prj-triange-common-d\"].module.project-factory",
      "mode": "managed",
      "type": "time_sleep",
      "name": "wait_5_seconds",
      "provider": "provider[\"registry.terraform.io/hashicorp/time\"]",
      "instances": []
    },
    {
      "module": "module.service-projects[\"prj-triange-common-d\"].module.project-factory.module.project_services",
      "mode": "managed",
      "type": "google_project_service",
      "name": "project_services",
      "provider": "provider[\"registry.terraform.io/hashicorp/google\"]",
      "instances": []
    },
    {
      "module": "module.service-projects[\"prj-triange-common-d\"].module.project-factory.module.project_services",
      "mode": "managed",
      "type": "google_project_service_identity",
      "name": "project_service_identities",
      "provider": "provider[\"registry.terraform.io/hashicorp/google-beta\"]",
      "instances": []
    },
    {
      "module": "module.service-projects[\"prj-triange-common-e\"].module.gsuite_group",
      "mode": "data",
      "type": "google_organization",
      "name": "org",
      "provider": "provider[\"registry.terraform.io/hashicorp/google\"]",
      "instances": []
    },
    {
      "module": "module.service-projects[\"prj-triange-common-e\"].module.project-factory",
      "mode": "managed",
      "type": "random_id",
      "name": "random_project_id_suffix",
      "provider": "provider[\"registry.terraform.io/hashicorp/random\"]",
      "instances": [
        {
          "schema_version": 0,
          "attributes": {
            "b64_std": "Uls=",
            "b64_url": "Uls",
            "byte_length": 2,
            "dec": "21083",
            "hex": "525b",
            "id": "Uls",
            "keepers": null,
            "prefix": null
          },
          "sensitive_attributes": []
        }
      ]
    },
    {
      "module": "module.service-projects[\"prj-triange-common-e\"].module.project-factory",
      "mode": "managed",
      "type": "random_string",
      "name": "random_project_id_suffix",
      "provider": "provider[\"registry.terraform.io/hashicorp/random\"]",
      "instances": []
    },
    {
      "module": "module.service-projects[\"prj-triange-common-e\"].module.project-factory",
      "mode": "managed",
      "type": "time_sleep",
      "name": "wait_5_seconds",
      "provider": "provider[\"registry.terraform.io/hashicorp/time\"]",
      "instances": []
    },
    {
      "module": "module.service-projects[\"prj-triange-common-e\"].module.project-factory.module.project_services",
      "mode": "managed",
      "type": "google_project_service",
      "name": "project_services",
      "provider": "provider[\"registry.terraform.io/hashicorp/google\"]",
      "instances": []
    },
    {
      "module": "module.service-projects[\"prj-triange-common-e\"].module.project-factory.module.project_services",
      "mode": "managed",
      "type": "google_project_service_identity",
      "name": "project_service_identities",
      "provider": "provider[\"registry.terraform.io/hashicorp/google-beta\"]",
      "instances": []
    },
    {
      "module": "module.service-projects[\"prj-triange-dev\"].module.gsuite_group",
      "mode": "data",
      "type": "google_organization",
      "name": "org",
      "provider": "provider[\"registry.terraform.io/hashicorp/google\"]",
      "instances": []
    },
    {
      "module": "module.service-projects[\"prj-triange-dev\"].module.project-factory",
      "mode": "managed",
      "type": "random_id",
      "name": "random_project_id_suffix",
      "provider": "provider[\"registry.terraform.io/hashicorp/random\"]",
      "instances": [
        {
          "schema_version": 0,
          "attributes": {
            "b64_std": "/4o=",
            "b64_url": "_4o",
            "byte_length": 2,
            "dec": "65418",
            "hex": "ff8a",
            "id": "_4o",
            "keepers": null,
            "prefix": null
          },
          "sensitive_attributes": []
        }
      ]
    },
    {
      "module": "module.service-projects[\"prj-triange-dev\"].module.project-factory",
      "mode": "managed",
      "type": "random_string",
      "name": "random_project_id_suffix",
      "provider": "provider[\"registry.terraform.io/hashicorp/random\"]",
      "instances": []
    },
    {
      "module": "module.service-projects[\"prj-triange-dev\"].module.project-factory",
      "mode": "managed",
      "type": "time_sleep",
      "name": "wait_5_seconds",
      "provider": "provider[\"registry.terraform.io/hashicorp/time\"]",
      "instances": []
    },
    {
      "module": "module.service-projects[\"prj-triange-dev\"].module.project-factory.module.project_services",
      "mode": "managed",
      "type": "google_project_service",
      "name": "project_services",
      "provider": "provider[\"registry.terraform.io/hashicorp/google\"]",
      "instances": []
    },
    {
      "module": "module.service-projects[\"prj-triange-dev\"].module.project-factory.module.project_services",
      "mode": "managed",
      "type": "google_project_service_identity",
      "name": "project_service_identities",
      "provider": "provider[\"registry.terraform.io/hashicorp/google-beta\"]",
      "instances": []
    },
    {
      "module": "module.service-projects[\"prj-triange-prod\"].module.gsuite_group",
      "mode": "data",
      "type": "google_organization",
      "name": "org",
      "provider": "provider[\"registry.terraform.io/hashicorp/google\"]",
      "instances": []
    },
    {
      "module": "module.service-projects[\"prj-triange-prod\"].module.project-factory",
      "mode": "managed",
      "type": "random_id",
      "name": "random_project_id_suffix",
      "provider": "provider[\"registry.terraform.io/hashicorp/random\"]",
      "instances": [
        {
          "schema_version": 0,
          "attributes": {
            "b64_std": "Aus=",
            "b64_url": "Aus",
            "byte_length": 2,
            "dec": "747",
            "hex": "02eb",
            "id": "Aus",
            "keepers": null,
            "prefix": null
          },
          "sensitive_attributes": []
        }
      ]
    },
    {
      "module": "module.service-projects[\"prj-triange-prod\"].module.project-factory",
      "mode": "managed",
      "type": "random_string",
      "name": "random_project_id_suffix",
      "provider": "provider[\"registry.terraform.io/hashicorp/random\"]",
      "instances": []
    },
    {
      "module": "module.service-projects[\"prj-triange-prod\"].module.project-factory",
      "mode": "managed",
      "type": "time_sleep",
      "name": "wait_5_seconds",
      "provider": "provider[\"registry.terraform.io/hashicorp/time\"]",
      "instances": []
    },
    {
      "module": "module.service-projects[\"prj-triange-prod\"].module.project-factory.module.project_services",
      "mode": "managed",
      "type": "google_project_service",
      "name": "project_services",
      "provider": "provider[\"registry.terraform.io/hashicorp/google\"]",
      "instances": []
    },
    {
      "module": "module.service-projects[\"prj-triange-prod\"].module.project-factory.module.project_services",
      "mode": "managed",
      "type": "google_project_service_identity",
      "name": "project_service_identities",
      "provider": "provider[\"registry.terraform.io/hashicorp/google-beta\"]",
      "instances": []
    },
    {
      "module": "module.service-projects[\"prj-triange-stage\"].module.gsuite_group",
      "mode": "data",
      "type": "google_organization",
      "name": "org",
      "provider": "provider[\"registry.terraform.io/hashicorp/google\"]",
      "instances": []
    },
    {
      "module": "module.service-projects[\"prj-triange-stage\"].module.project-factory",
      "mode": "managed",
      "type": "random_id",
      "name": "random_project_id_suffix",
      "provider": "provider[\"registry.terraform.io/hashicorp/random\"]",
      "instances": [
        {
          "schema_version": 0,
          "attributes": {
            "b64_std": "+48=",
            "b64_url": "-48",
            "byte_length": 2,
            "dec": "64399",
            "hex": "fb8f",
            "id": "-48",
            "keepers": null,
            "prefix": null
          },
          "sensitive_attributes": []
        }
      ]
    },
    {
      "module": "module.service-projects[\"prj-triange-stage\"].module.project-factory",
      "mode": "managed",
      "type": "random_string",
      "name": "random_project_id_suffix",
      "provider": "provider[\"registry.terraform.io/hashicorp/random\"]",
      "instances": []
    },
    {
      "module": "module.service-projects[\"prj-triange-stage\"].module.project-factory",
      "mode": "managed",
      "type": "time_sleep",
      "name": "wait_5_seconds",
      "provider": "provider[\"registry.terraform.io/hashicorp/time\"]",
      "instances": []
    },
    {
      "module": "module.service-projects[\"prj-triange-stage\"].module.project-factory.module.project_services",
      "mode": "managed",
      "type": "google_project_service",
      "name": "project_services",
      "provider": "provider[\"registry.terraform.io/hashicorp/google\"]",
      "instances": []
    },
    {
      "module": "module.service-projects[\"prj-triange-stage\"].module.project-factory.module.project_services",
      "mode": "managed",
      "type": "google_project_service_identity",
      "name": "project_service_identities",
      "provider": "provider[\"registry.terraform.io/hashicorp/google-beta\"]",
      "instances": []
    }
  ],
  "check_results": null
}
